// !$*UTF8*$!
{
	archiveVersion = 1;
	classes = {
	};
	objectVersion = 77;
	objects = {

/* Begin PBXBuildFile section */
		2EB6D70D2EF55C20004055DD /* ThemeKit in Frameworks */ = {isa = PBXBuildFile; productRef = 2EB6D70C2EF55C20004055DD /* ThemeKit */; };
/* End PBXBuildFile section */

/* Begin PBXContainerItemProxy section */
		2E0640632E8A90920005A6BF /* PBXContainerItemProxy */ = {
			isa = PBXContainerItemProxy;
			containerPortal = 2E0640442E8A90900005A6BF /* Project object */;
			proxyType = 1;
			remoteGlobalIDString = 2E06404B2E8A90900005A6BF;
			remoteInfo = ThemeDemo;
		};
		2E06406D2E8A90920005A6BF /* PBXContainerItemProxy */ = {
			isa = PBXContainerItemProxy;
			containerPortal = 2E0640442E8A90900005A6BF /* Project object */;
			proxyType = 1;
			remoteGlobalIDString = 2E06404B2E8A90900005A6BF;
			remoteInfo = ThemeDemo;
		};
/* End PBXContainerItemProxy section */

/* Begin PBXFileReference section */
		2E06404C2E8A90900005A6BF /* ThemeDemo.app */ = {isa = PBXFileReference; explicitFileType = wrapper.application; includeInIndex = 0; path = ThemeDemo.app; sourceTree = BUILT_PRODUCTS_DIR; };
		2E0640622E8A90920005A6BF /* ThemeDemoTests.xctest */ = {isa = PBXFileReference; explicitFileType = wrapper.cfbundle; includeInIndex = 0; path = ThemeDemoTests.xctest; sourceTree = BUILT_PRODUCTS_DIR; };
		2E06406C2E8A90920005A6BF /* ThemeDemoUITests.xctest */ = {isa = PBXFileReference; explicitFileType = wrapper.cfbundle; includeInIndex = 0; path = ThemeDemoUITests.xctest; sourceTree = BUILT_PRODUCTS_DIR; };
/* End PBXFileReference section */

/* Begin PBXFileSystemSynchronizedBuildFileExceptionSet section */
		2E0640742E8A90920005A6BF /* Exceptions for "ThemeDemo" folder in "ThemeDemo" target */ = {
			isa = PBXFileSystemSynchronizedBuildFileExceptionSet;
			membershipExceptions = (
				Info.plist,
			);
			target = 2E06404B2E8A90900005A6BF /* ThemeDemo */;
		};
/* End PBXFileSystemSynchronizedBuildFileExceptionSet section */

/* Begin PBXFileSystemSynchronizedRootGroup section */
		2E06404E2E8A90900005A6BF /* ThemeDemo */ = {
			isa = PBXFileSystemSynchronizedRootGroup;
			exceptions = (
				2E0640742E8A90920005A6BF /* Exceptions for "ThemeDemo" folder in "ThemeDemo" target */,
			);
			path = ThemeDemo;
			sourceTree = "<group>";
		};
		2E0640652E8A90920005A6BF /* ThemeDemoTests */ = {
			isa = PBXFileSystemSynchronizedRootGroup;
			path = ThemeDemoTests;
			sourceTree = "<group>";
		};
		2E06406F2E8A90920005A6BF /* ThemeDemoUITests */ = {
			isa = PBXFileSystemSynchronizedRootGroup;
			path = ThemeDemoUITests;
			sourceTree = "<group>";
		};
/* End PBXFileSystemSynchronizedRootGroup section */

/* Begin PBXFrameworksBuildPhase section */
		2E0640492E8A90900005A6BF /* Frameworks */ = {
			isa = PBXFrameworksBuildPhase;
			buildActionMask = 2147483647;
			files = (
				2EB6D70D2EF55C20004055DD /* ThemeKit in Frameworks */,
			);
			runOnlyForDeploymentPostprocessing = 0;
		};
		2E06405F2E8A90920005A6BF /* Frameworks */ = {
			isa = PBXFrameworksBuildPhase;
			buildActionMask = 2147483647;
			files = (
			);
			runOnlyForDeploymentPostprocessing = 0;
		};
		2E0640692E8A90920005A6BF /* Frameworks */ = {
			isa = PBXFrameworksBuildPhase;
			buildActionMask = 2147483647;
			files = (
			);
			runOnlyForDeploymentPostprocessing = 0;
		};
/* End PBXFrameworksBuildPhase section */

/* Begin PBXGroup section */
		2E0640432E8A90900005A6BF = {
			isa = PBXGroup;
			children = (
				2E06404E2E8A90900005A6BF /* ThemeDemo */,
				2E0640652E8A90920005A6BF /* ThemeDemoTests */,
				2E06406F2E8A90920005A6BF /* ThemeDemoUITests */,
				2E9D31FC2E97CFF400364606 /* Frameworks */,
				2E06404D2E8A90900005A6BF /* Products */,
			);
			sourceTree = "<group>";
		};
		2E06404D2E8A90900005A6BF /* Products */ = {
			isa = PBXGroup;
			children = (
				2E06404C2E8A90900005A6BF /* ThemeDemo.app */,
				2E0640622E8A90920005A6BF /* ThemeDemoTests.xctest */,
				2E06406C2E8A90920005A6BF /* ThemeDemoUITests.xctest */,
			);
			name = Products;
			sourceTree = "<group>";
		};
		2E9D31FC2E97CFF400364606 /* Frameworks */ = {
			isa = PBXGroup;
			children = (
			);
			name = Frameworks;
			sourceTree = "<group>";
		};
/* End PBXGroup section */

/* Begin PBXNativeTarget section */
		2E06404B2E8A90900005A6BF /* ThemeDemo */ = {
			isa = PBXNativeTarget;
			buildConfigurationList = 2E0640752E8A90920005A6BF /* Build configuration list for PBXNativeTarget "ThemeDemo" */;
			buildPhases = (
				2E0640482E8A90900005A6BF /* Sources */,
				2E0640492E8A90900005A6BF /* Frameworks */,
				2E06404A2E8A90900005A6BF /* Resources */,
			);
			buildRules = (
			);
			dependencies = (
			);
			fileSystemSynchronizedGroups = (
				2E06404E2E8A90900005A6BF /* ThemeDemo */,
			);
			name = ThemeDemo;
			packageProductDependencies = (
				2EB6D70C2EF55C20004055DD /* ThemeKit */,
			);
			productName = ThemeDemo;
			productReference = 2E06404C2E8A90900005A6BF /* ThemeDemo.app */;
			productType = "com.apple.product-type.application";
		};
		2E0640612E8A90920005A6BF /* ThemeDemoTests */ = {
			isa = PBXNativeTarget;
			buildConfigurationList = 2E06407A2E8A90920005A6BF /* Build configuration list for PBXNativeTarget "ThemeDemoTests" */;
			buildPhases = (
				2E06405E2E8A90920005A6BF /* Sources */,
				2E06405F2E8A90920005A6BF /* Frameworks */,
				2E0640602E8A90920005A6BF /* Resources */,
			);
			buildRules = (
			);
			dependencies = (
				2E0640642E8A90920005A6BF /* PBXTargetDependency */,
			);
			fileSystemSynchronizedGroups = (
				2E0640652E8A90920005A6BF /* ThemeDemoTests */,
			);
			name = ThemeDemoTests;
			packageProductDependencies = (
			);
			productName = ThemeDemoTests;
			productReference = 2E0640622E8A90920005A6BF /* ThemeDemoTests.xctest */;
			productType = "com.apple.product-type.bundle.unit-test";
		};
		2E06406B2E8A90920005A6BF /* ThemeDemoUITests */ = {
			isa = PBXNativeTarget;
			buildConfigurationList = 2E06407D2E8A90920005A6BF /* Build configuration list for PBXNativeTarget "ThemeDemoUITests" */;
			buildPhases = (
				2E0640682E8A90920005A6BF /* Sources */,
				2E0640692E8A90920005A6BF /* Frameworks */,
				2E06406A2E8A90920005A6BF /* Resources */,
			);
			buildRules = (
			);
			dependencies = (
				2E06406E2E8A90920005A6BF /* PBXTargetDependency */,
			);
			fileSystemSynchronizedGroups = (
				2E06406F2E8A90920005A6BF /* ThemeDemoUITests */,
			);
			name = ThemeDemoUITests;
			packageProductDependencies = (
			);
			productName = ThemeDemoUITests;
			productReference = 2E06406C2E8A90920005A6BF /* ThemeDemoUITests.xctest */;
			productType = "com.apple.product-type.bundle.ui-testing";
		};
/* End PBXNativeTarget section */

/* Begin PBXProject section */
		2E0640442E8A90900005A6BF /* Project object */ = {
			isa = PBXProject;
			attributes = {
				BuildIndependentTargetsInParallel = 1;
				LastSwiftUpdateCheck = 2600;
				LastUpgradeCheck = 2600;
				TargetAttributes = {
					2E06404B2E8A90900005A6BF = {
						CreatedOnToolsVersion = 26.0.1;
					};
					2E0640612E8A90920005A6BF = {
						CreatedOnToolsVersion = 26.0.1;
						TestTargetID = 2E06404B2E8A90900005A6BF;
					};
					2E06406B2E8A90920005A6BF = {
						CreatedOnToolsVersion = 26.0.1;
						TestTargetID = 2E06404B2E8A90900005A6BF;
					};
				};
			};
			buildConfigurationList = 2E0640472E8A90900005A6BF /* Build configuration list for PBXProject "ThemeDemo" */;
			developmentRegion = en;
			hasScannedForEncodings = 0;
			knownRegions = (
				en,
				Base,
			);
			mainGroup = 2E0640432E8A90900005A6BF;
			minimizedProjectReferenceProxies = 1;
			packageReferences = (
				2EB6D70B2EF55C20004055DD /* XCLocalSwiftPackageReference "../../ThemeKit" */,
			);
			preferredProjectObjectVersion = 77;
			productRefGroup = 2E06404D2E8A90900005A6BF /* Products */;
			projectDirPath = "";
			projectRoot = "";
			targets = (
				2E06404B2E8A90900005A6BF /* ThemeDemo */,
				2E0640612E8A90920005A6BF /* ThemeDemoTests */,
				2E06406B2E8A90920005A6BF /* ThemeDemoUITests */,
			);
		};
/* End PBXProject section */

/* Begin PBXResourcesBuildPhase section */
		2E06404A2E8A90900005A6BF /* Resources */ = {
			isa = PBXResourcesBuildPhase;
			buildActionMask = 2147483647;
			files = (
			);
			runOnlyForDeploymentPostprocessing = 0;
		};
		2E0640602E8A90920005A6BF /* Resources */ = {
			isa = PBXResourcesBuildPhase;
			buildActionMask = 2147483647;
			files = (
			);
			runOnlyForDeploymentPostprocessing = 0;
		};
		2E06406A2E8A90920005A6BF /* Resources */ = {
			isa = PBXResourcesBuildPhase;
			buildActionMask = 2147483647;
			files = (
			);
			runOnlyForDeploymentPostprocessing = 0;
		};
/* End PBXResourcesBuildPhase section */

/* Begin PBXSourcesBuildPhase section */
		2E0640482E8A90900005A6BF /* Sources */ = {
			isa = PBXSourcesBuildPhase;
			buildActionMask = 2147483647;
			files = (
			);
			runOnlyForDeploymentPostprocessing = 0;
		};
		2E06405E2E8A90920005A6BF /* Sources */ = {
			isa = PBXSourcesBuildPhase;
			buildActionMask = 2147483647;
			files = (
			);
			runOnlyForDeploymentPostprocessing = 0;
		};
		2E0640682E8A90920005A6BF /* Sources */ = {
			isa = PBXSourcesBuildPhase;
			buildActionMask = 2147483647;
			files = (
			);
			runOnlyForDeploymentPostprocessing = 0;
		};
/* End PBXSourcesBuildPhase section */

/* Begin PBXTargetDependency section */
		2E0640642E8A90920005A6BF /* PBXTargetDependency */ = {
			isa = PBXTargetDependency;
			target = 2E06404B2E8A90900005A6BF /* ThemeDemo */;
			targetProxy = 2E0640632E8A90920005A6BF /* PBXContainerItemProxy */;
		};
		2E06406E2E8A90920005A6BF /* PBXTargetDependency */ = {
			isa = PBXTargetDependency;
			target = 2E06404B2E8A90900005A6BF /* ThemeDemo */;
			targetProxy = 2E06406D2E8A90920005A6BF /* PBXContainerItemProxy */;
		};
/* End PBXTargetDependency section */

/* Begin XCBuildConfiguration section */
		2E0640762E8A90920005A6BF /* Debug */ = {
			isa = XCBuildConfiguration;
			buildSettings = {
				ASSETCATALOG_COMPILER_APPICON_NAME = AppIcon;
				ASSETCATALOG_COMPILER_GLOBAL_ACCENT_COLOR_NAME = AccentColor;
				CODE_SIGN_STYLE = Automatic;
				CURRENT_PROJECT_VERSION = 1;
				DEVELOPMENT_TEAM = 97NU232GB7;
				GENERATE_INFOPLIST_FILE = YES;
				INFOPLIST_FILE = ThemeDemo/Info.plist;
				INFOPLIST_KEY_UIApplicationSupportsIndirectInputEvents = YES;
				INFOPLIST_KEY_UILaunchStoryboardName = LaunchScreen;
				INFOPLIST_KEY_UIMainStoryboardFile = "";
				INFOPLIST_KEY_UISupportedInterfaceOrientations_iPad = "UIInterfaceOrientationPortrait UIInterfaceOrientationPortraitUpsideDown UIInterfaceOrientationLandscapeLeft UIInterfaceOrientationLandscapeRight";
				INFOPLIST_KEY_UISupportedInterfaceOrientations_iPhone = "UIInterfaceOrientationPortrait UIInterfaceOrientationLandscapeLeft UIInterfaceOrientationLandscapeRight";
				IPHONEOS_DEPLOYMENT_TARGET = 15;
				LD_RUNPATH_SEARCH_PATHS = (
					"$(inherited)",
					"@executable_path/Frameworks",
				);
				MARKETING_VERSION = 1.0;
				PRODUCT_BUNDLE_IDENTIFIER = com.followme.ThemeDemo;
				PRODUCT_NAME = "$(TARGET_NAME)";
				STRING_CATALOG_GENERATE_SYMBOLS = YES;
				SWIFT_APPROACHABLE_CONCURRENCY = YES;
				SWIFT_DEFAULT_ACTOR_ISOLATION = MainActor;
				SWIFT_EMIT_LOC_STRINGS = YES;
				SWIFT_UPCOMING_FEATURE_MEMBER_IMPORT_VISIBILITY = YES;
				SWIFT_VERSION = 5.0;
				TARGETED_DEVICE_FAMILY = "1,2";
			};
			name = Debug;
		};
		2E0640772E8A90920005A6BF /* Release */ = {
			isa = XCBuildConfiguration;
			buildSettings = {
				ASSETCATALOG_COMPILER_APPICON_NAME = AppIcon;
				ASSETCATALOG_COMPILER_GLOBAL_ACCENT_COLOR_NAME = AccentColor;
				CODE_SIGN_STYLE = Automatic;
				CURRENT_PROJECT_VERSION = 1;
				DEVELOPMENT_TEAM = 97NU232GB7;
				GENERATE_INFOPLIST_FILE = YES;
				INFOPLIST_FILE = ThemeDemo/Info.plist;
				INFOPLIST_KEY_UIApplicationSupportsIndirectInputEvents = YES;
				INFOPLIST_KEY_UILaunchStoryboardName = LaunchScreen;
				INFOPLIST_KEY_UIMainStoryboardFile = "";
				INFOPLIST_KEY_UISupportedInterfaceOrientations_iPad = "UIInterfaceOrientationPortrait UIInterfaceOrientationPortraitUpsideDown UIInterfaceOrientationLandscapeLeft UIInterfaceOrientationLandscapeRight";
				INFOPLIST_KEY_UISupportedInterfaceOrientations_iPhone = "UIInterfaceOrientationPortrait UIInterfaceOrientationLandscapeLeft UIInterfaceOrientationLandscapeRight";
				IPHONEOS_DEPLOYMENT_TARGET = 15;
				LD_RUNPATH_SEARCH_PATHS = (
					"$(inherited)",
					"@executable_path/Frameworks",
				);
				MARKETING_VERSION = 1.0;
				PRODUCT_BUNDLE_IDENTIFIER = com.followme.ThemeDemo;
				PRODUCT_NAME = "$(TARGET_NAME)";
				STRING_CATALOG_GENERATE_SYMBOLS = YES;
				SWIFT_APPROACHABLE_CONCURRENCY = YES;
				SWIFT_DEFAULT_ACTOR_ISOLATION = MainActor;
				SWIFT_EMIT_LOC_STRINGS = YES;
				SWIFT_UPCOMING_FEATURE_MEMBER_IMPORT_VISIBILITY = YES;
				SWIFT_VERSION = 5.0;
				TARGETED_DEVICE_FAMILY = "1,2";
			};
			name = Release;
		};
		2E0640782E8A90920005A6BF /* Debug */ = {
			isa = XCBuildConfiguration;
			buildSettings = {
				ALWAYS_SEARCH_USER_PATHS = NO;
				ASSETCATALOG_COMPILER_GENERATE_SWIFT_ASSET_SYMBOL_EXTENSIONS = YES;
				CLANG_ANALYZER_NONNULL = YES;
				CLANG_ANALYZER_NUMBER_OBJECT_CONVERSION = YES_AGGRESSIVE;
				CLANG_CXX_LANGUAGE_STANDARD = "gnu++20";
				CLANG_ENABLE_MODULES = YES;
				CLANG_ENABLE_OBJC_ARC = YES;
				CLANG_ENABLE_OBJC_WEAK = YES;
				CLANG_WARN_BLOCK_CAPTURE_AUTORELEASING = YES;
				CLANG_WARN_BOOL_CONVERSION = YES;
				CLANG_WARN_COMMA = YES;
				CLANG_WARN_CONSTANT_CONVERSION = YES;
				CLANG_WARN_DEPRECATED_OBJC_IMPLEMENTATIONS = YES;
				CLANG_WARN_DIRECT_OBJC_ISA_USAGE = YES_ERROR;
				CLANG_WARN_DOCUMENTATION_COMMENTS = YES;
				CLANG_WARN_EMPTY_BODY = YES;
				CLANG_WARN_ENUM_CONVERSION = YES;
				CLANG_WARN_INFINITE_RECURSION = YES;
				CLANG_WARN_INT_CONVERSION = YES;
				CLANG_WARN_NON_LITERAL_NULL_CONVERSION = YES;
				CLANG_WARN_OBJC_IMPLICIT_RETAIN_SELF = YES;
				CLANG_WARN_OBJC_LITERAL_CONVERSION = YES;
				CLANG_WARN_OBJC_ROOT_CLASS = YES_ERROR;
				CLANG_WARN_QUOTED_INCLUDE_IN_FRAMEWORK_HEADER = YES;
				CLANG_WARN_RANGE_LOOP_ANALYSIS = YES;
				CLANG_WARN_STRICT_PROTOTYPES = YES;
				CLANG_WARN_SUSPICIOUS_MOVE = YES;
				CLANG_WARN_UNGUARDED_AVAILABILITY = YES_AGGRESSIVE;
				CLANG_WARN_UNREACHABLE_CODE = YES;
				CLANG_WARN__DUPLICATE_METHOD_MATCH = YES;
				COPY_PHASE_STRIP = NO;
				DEBUG_INFORMATION_FORMAT = dwarf;
				DEVELOPMENT_TEAM = 97NU232GB7;
				ENABLE_STRICT_OBJC_MSGSEND = YES;
				ENABLE_TESTABILITY = YES;
				ENABLE_USER_SCRIPT_SANDBOXING = YES;
				GCC_C_LANGUAGE_STANDARD = gnu17;
				GCC_DYNAMIC_NO_PIC = NO;
				GCC_NO_COMMON_BLOCKS = YES;
				GCC_OPTIMIZATION_LEVEL = 0;
				GCC_PREPROCESSOR_DEFINITIONS = (
					"DEBUG=1",
					"$(inherited)",
				);
				GCC_WARN_64_TO_32_BIT_CONVERSION = YES;
				GCC_WARN_ABOUT_RETURN_TYPE = YES_ERROR;
				GCC_WARN_UNDECLARED_SELECTOR = YES;
				GCC_WARN_UNINITIALIZED_AUTOS = YES_AGGRESSIVE;
				GCC_WARN_UNUSED_FUNCTION = YES;
				GCC_WARN_UNUSED_VARIABLE = YES;
				IPHONEOS_DEPLOYMENT_TARGET = 26.0;
				LOCALIZATION_PREFERS_STRING_CATALOGS = YES;
				MTL_ENABLE_DEBUG_INFO = INCLUDE_SOURCE;
				MTL_FAST_MATH = YES;
				ONLY_ACTIVE_ARCH = YES;
				SDKROOT = iphoneos;
				SWIFT_ACTIVE_COMPILATION_CONDITIONS = "DEBUG $(inherited)";
				SWIFT_OPTIMIZATION_LEVEL = "-Onone";
			};
			name = Debug;
		};
		2E0640792E8A90920005A6BF /* Release */ = {
			isa = XCBuildConfiguration;
			buildSettings = {
				ALWAYS_SEARCH_USER_PATHS = NO;
				ASSETCATALOG_COMPILER_GENERATE_SWIFT_ASSET_SYMBOL_EXTENSIONS = YES;
				CLANG_ANALYZER_NONNULL = YES;
				CLANG_ANALYZER_NUMBER_OBJECT_CONVERSION = YES_AGGRESSIVE;
				CLANG_CXX_LANGUAGE_STANDARD = "gnu++20";
				CLANG_ENABLE_MODULES = YES;
				CLANG_ENABLE_OBJC_ARC = YES;
				CLANG_ENABLE_OBJC_WEAK = YES;
				CLANG_WARN_BLOCK_CAPTURE_AUTORELEASING = YES;
				CLANG_WARN_BOOL_CONVERSION = YES;
				CLANG_WARN_COMMA = YES;
				CLANG_WARN_CONSTANT_CONVERSION = YES;
				CLANG_WARN_DEPRECATED_OBJC_IMPLEMENTATIONS = YES;
				CLANG_WARN_DIRECT_OBJC_ISA_USAGE = YES_ERROR;
				CLANG_WARN_DOCUMENTATION_COMMENTS = YES;
				CLANG_WARN_EMPTY_BODY = YES;
				CLANG_WARN_ENUM_CONVERSION = YES;
				CLANG_WARN_INFINITE_RECURSION = YES;
				CLANG_WARN_INT_CONVERSION = YES;
				CLANG_WARN_NON_LITERAL_NULL_CONVERSION = YES;
				CLANG_WARN_OBJC_IMPLICIT_RETAIN_SELF = YES;
				CLANG_WARN_OBJC_LITERAL_CONVERSION = YES;
				CLANG_WARN_OBJC_ROOT_CLASS = YES_ERROR;
				CLANG_WARN_QUOTED_INCLUDE_IN_FRAMEWORK_HEADER = YES;
				CLANG_WARN_RANGE_LOOP_ANALYSIS = YES;
				CLANG_WARN_STRICT_PROTOTYPES = YES;
				CLANG_WARN_SUSPICIOUS_MOVE = YES;
				CLANG_WARN_UNGUARDED_AVAILABILITY = YES_AGGRESSIVE;
				CLANG_WARN_UNREACHABLE_CODE = YES;
				CLANG_WARN__DUPLICATE_METHOD_MATCH = YES;
				COPY_PHASE_STRIP = NO;
				DEBUG_INFORMATION_FORMAT = "dwarf-with-dsym";
				DEVELOPMENT_TEAM = 97NU232GB7;
				ENABLE_NS_ASSERTIONS = NO;
				ENABLE_STRICT_OBJC_MSGSEND = YES;
				ENABLE_USER_SCRIPT_SANDBOXING = YES;
				GCC_C_LANGUAGE_STANDARD = gnu17;
				GCC_NO_COMMON_BLOCKS = YES;
				GCC_WARN_64_TO_32_BIT_CONVERSION = YES;
				GCC_WARN_ABOUT_RETURN_TYPE = YES_ERROR;
				GCC_WARN_UNDECLARED_SELECTOR = YES;
				GCC_WARN_UNINITIALIZED_AUTOS = YES_AGGRESSIVE;
				GCC_WARN_UNUSED_FUNCTION = YES;
				GCC_WARN_UNUSED_VARIABLE = YES;
				IPHONEOS_DEPLOYMENT_TARGET = 26.0;
				LOCALIZATION_PREFERS_STRING_CATALOGS = YES;
				MTL_ENABLE_DEBUG_INFO = NO;
				MTL_FAST_MATH = YES;
				SDKROOT = iphoneos;
				SWIFT_COMPILATION_MODE = wholemodule;
				VALIDATE_PRODUCT = YES;
			};
			name = Release;
		};
		2E06407B2E8A90920005A6BF /* Debug */ = {
			isa = XCBuildConfiguration;
			buildSettings = {
				BUNDLE_LOADER = "$(TEST_HOST)";
				CODE_SIGN_STYLE = Automatic;
				CURRENT_PROJECT_VERSION = 1;
				DEVELOPMENT_TEAM = 97NU232GB7;
				GENERATE_INFOPLIST_FILE = YES;
				IPHONEOS_DEPLOYMENT_TARGET = 15;
				MARKETING_VERSION = 1.0;
				PRODUCT_BUNDLE_IDENTIFIER = com.followme.ThemeDemoTests;
				PRODUCT_NAME = "$(TARGET_NAME)";
				STRING_CATALOG_GENERATE_SYMBOLS = NO;
				SWIFT_APPROACHABLE_CONCURRENCY = YES;
				SWIFT_EMIT_LOC_STRINGS = NO;
				SWIFT_UPCOMING_FEATURE_MEMBER_IMPORT_VISIBILITY = YES;
				SWIFT_VERSION = 5.0;
				TARGETED_DEVICE_FAMILY = "1,2";
				TEST_HOST = "$(BUILT_PRODUCTS_DIR)/ThemeDemo.app/$(BUNDLE_EXECUTABLE_FOLDER_PATH)/ThemeDemo";
			};
			name = Debug;
		};
		2E06407C2E8A90920005A6BF /* Release */ = {
			isa = XCBuildConfiguration;
			buildSettings = {
				BUNDLE_LOADER = "$(TEST_HOST)";
				CODE_SIGN_STYLE = Automatic;
				CURRENT_PROJECT_VERSION = 1;
				DEVELOPMENT_TEAM = 97NU232GB7;
				GENERATE_INFOPLIST_FILE = YES;
				IPHONEOS_DEPLOYMENT_TARGET = 15;
				MARKETING_VERSION = 1.0;
				PRODUCT_BUNDLE_IDENTIFIER = com.followme.ThemeDemoTests;
				PRODUCT_NAME = "$(TARGET_NAME)";
				STRING_CATALOG_GENERATE_SYMBOLS = NO;
				SWIFT_APPROACHABLE_CONCURRENCY = YES;
				SWIFT_EMIT_LOC_STRINGS = NO;
				SWIFT_UPCOMING_FEATURE_MEMBER_IMPORT_VISIBILITY = YES;
				SWIFT_VERSION = 5.0;
				TARGETED_DEVICE_FAMILY = "1,2";
				TEST_HOST = "$(BUILT_PRODUCTS_DIR)/ThemeDemo.app/$(BUNDLE_EXECUTABLE_FOLDER_PATH)/ThemeDemo";
			};
			name = Release;
		};
		2E06407E2E8A90920005A6BF /* Debug */ = {
			isa = XCBuildConfiguration;
			buildSettings = {
				CODE_SIGN_STYLE = Automatic;
				CURRENT_PROJECT_VERSION = 1;
				DEVELOPMENT_TEAM = 97NU232GB7;
				GENERATE_INFOPLIST_FILE = YES;
				IPHONEOS_DEPLOYMENT_TARGET = 15;
				MARKETING_VERSION = 1.0;
				PRODUCT_BUNDLE_IDENTIFIER = com.followme.ThemeDemoUITests;
				PRODUCT_NAME = "$(TARGET_NAME)";
				STRING_CATALOG_GENERATE_SYMBOLS = NO;
				SWIFT_APPROACHABLE_CONCURRENCY = YES;
				SWIFT_EMIT_LOC_STRINGS = NO;
				SWIFT_UPCOMING_FEATURE_MEMBER_IMPORT_VISIBILITY = YES;
				SWIFT_VERSION = 5.0;
				TARGETED_DEVICE_FAMILY = "1,2";
				TEST_TARGET_NAME = ThemeDemo;
			};
			name = Debug;
		};
		2E06407F2E8A90920005A6BF /* Release */ = {
			isa = XCBuildConfiguration;
			buildSettings = {
				CODE_SIGN_STYLE = Automatic;
				CURRENT_PROJECT_VERSION = 1;
				DEVELOPMENT_TEAM = 97NU232GB7;
				GENERATE_INFOPLIST_FILE = YES;
				IPHONEOS_DEPLOYMENT_TARGET = 15;
				MARKETING_VERSION = 1.0;
				PRODUCT_BUNDLE_IDENTIFIER = com.followme.ThemeDemoUITests;
				PRODUCT_NAME = "$(TARGET_NAME)";
				STRING_CATALOG_GENERATE_SYMBOLS = NO;
				SWIFT_APPROACHABLE_CONCURRENCY = YES;
				SWIFT_EMIT_LOC_STRINGS = NO;
				SWIFT_UPCOMING_FEATURE_MEMBER_IMPORT_VISIBILITY = YES;
				SWIFT_VERSION = 5.0;
				TARGETED_DEVICE_FAMILY = "1,2";
				TEST_TARGET_NAME = ThemeDemo;
			};
			name = Release;
		};
/* End XCBuildConfiguration section */

/* Begin XCConfigurationList section */
		2E0640472E8A90900005A6BF /* Build configuration list for PBXProject "ThemeDemo" */ = {
			isa = XCConfigurationList;
			buildConfigurations = (
				2E0640782E8A90920005A6BF /* Debug */,
				2E0640792E8A90920005A6BF /* Release */,
			);
			defaultConfigurationIsVisible = 0;
			defaultConfigurationName = Release;
		};
		2E0640752E8A90920005A6BF /* Build configuration list for PBXNativeTarget "ThemeDemo" */ = {
			isa = XCConfigurationList;
			buildConfigurations = (
				2E0640762E8A90920005A6BF /* Debug */,
				2E0640772E8A90920005A6BF /* Release */,
			);
			defaultConfigurationIsVisible = 0;
			defaultConfigurationName = Release;
		};
		2E06407A2E8A90920005A6BF /* Build configuration list for PBXNativeTarget "ThemeDemoTests" */ = {
			isa = XCConfigurationList;
			buildConfigurations = (
				2E06407B2E8A90920005A6BF /* Debug */,
				2E06407C2E8A90920005A6BF /* Release */,
			);
			defaultConfigurationIsVisible = 0;
			defaultConfigurationName = Release;
		};
		2E06407D2E8A90920005A6BF /* Build configuration list for PBXNativeTarget "ThemeDemoUITests" */ = {
			isa = XCConfigurationList;
			buildConfigurations = (
				2E06407E2E8A90920005A6BF /* Debug */,
				2E06407F2E8A90920005A6BF /* Release */,
			);
			defaultConfigurationIsVisible = 0;
			defaultConfigurationName = Release;
		};
/* End XCConfigurationList section */

/* Begin XCLocalSwiftPackageReference section */
		2EB6D70B2EF55C20004055DD /* XCLocalSwiftPackageReference "../../ThemeKit" */ = {
			isa = XCLocalSwiftPackageReference;
			relativePath = ../../ThemeKit;
		};
/* End XCLocalSwiftPackageReference section */

/* Begin XCSwiftPackageProductDependency section */
		2EB6D70C2EF55C20004055DD /* ThemeKit */ = {
			isa = XCSwiftPackageProductDependency;
			productName = ThemeKit;
		};
/* End XCSwiftPackageProductDependency section */
	};
	rootObject = 2E0640442E8A90900005A6BF /* Project object */;
}
